// !$*UTF8*$!
{
	archiveVersion = 1;
	classes = {
	};
	objectVersion = 56;
	objects = {

/* Begin PBXBuildFile section */
		3F1559322B79B0B800CB0AF0 /* AppDelegate.swift in Sources */ = {isa = PBXBuildFile; fileRef = 3F1559312B79B0B800CB0AF0 /* AppDelegate.swift */; };
		3F1559342B79B0B800CB0AF0 /* SceneDelegate.swift in Sources */ = {isa = PBXBuildFile; fileRef = 3F1559332B79B0B800CB0AF0 /* SceneDelegate.swift */; };
		3F1559362B79B0B800CB0AF0 /* ViewController.swift in Sources */ = {isa = PBXBuildFile; fileRef = 3F1559352B79B0B800CB0AF0 /* ViewController.swift */; };
		3F1559392B79B0B800CB0AF0 /* Main.storyboard in Resources */ = {isa = PBXBuildFile; fileRef = 3F1559372B79B0B800CB0AF0 /* Main.storyboard */; };
		3F15593B2B79B0BB00CB0AF0 /* Assets.xcassets in Resources */ = {isa = PBXBuildFile; fileRef = 3F15593A2B79B0BB00CB0AF0 /* Assets.xcassets */; };
		3F15593E2B79B0BB00CB0AF0 /* LaunchScreen.storyboard in Resources */ = {isa = PBXBuildFile; fileRef = 3F15593C2B79B0BB00CB0AF0 /* LaunchScreen.storyboard */; };
		3F1559492B79B0BC00CB0AF0 /* CarsOptionJyotsnaATests.swift in Sources */ = {isa = PBXBuildFile; fileRef = 3F1559482B79B0BC00CB0AF0 /* CarsOptionJyotsnaATests.swift */; };
		3F1559532B79B0BC00CB0AF0 /* CarsOptionJyotsnaAUITests.swift in Sources */ = {isa = PBXBuildFile; fileRef = 3F1559522B79B0BC00CB0AF0 /* CarsOptionJyotsnaAUITests.swift */; };
		3F1559552B79B0BC00CB0AF0 /* CarsOptionJyotsnaAUITestsLaunchTests.swift in Sources */ = {isa = PBXBuildFile; fileRef = 3F1559542B79B0BC00CB0AF0 /* CarsOptionJyotsnaAUITestsLaunchTests.swift */; };
		3F1559622B79B15500CB0AF0 /* DetailViewController.swift in Sources */ = {isa = PBXBuildFile; fileRef = 3F1559612B79B15500CB0AF0 /* DetailViewController.swift */; };
/* End PBXBuildFile section */

/* Begin PBXContainerItemProxy section */
		3F1559452B79B0BC00CB0AF0 /* PBXContainerItemProxy */ = {
			isa = PBXContainerItemProxy;
			containerPortal = 3F1559262B79B0B700CB0AF0 /* Project object */;
			proxyType = 1;
			remoteGlobalIDString = 3F15592D2B79B0B800CB0AF0;
			remoteInfo = CarsOptionJyotsnaA;
		};
		3F15594F2B79B0BC00CB0AF0 /* PBXContainerItemProxy */ = {
			isa = PBXContainerItemProxy;
			containerPortal = 3F1559262B79B0B700CB0AF0 /* Project object */;
			proxyType = 1;
			remoteGlobalIDString = 3F15592D2B79B0B800CB0AF0;
			remoteInfo = CarsOptionJyotsnaA;
		};
/* End PBXContainerItemProxy section */

/* Begin PBXFileReference section */
		3F15592E2B79B0B800CB0AF0 /* CarsOptionJyotsnaA.app */ = {isa = PBXFileReference; explicitFileType = wrapper.application; includeInIndex = 0; path = CarsOptionJyotsnaA.app; sourceTree = BUILT_PRODUCTS_DIR; };
		3F1559312B79B0B800CB0AF0 /* AppDelegate.swift */ = {isa = PBXFileReference; lastKnownFileType = sourcecode.swift; path = AppDelegate.swift; sourceTree = "<group>"; };
		3F1559332B79B0B800CB0AF0 /* SceneDelegate.swift */ = {isa = PBXFileReference; lastKnownFileType = sourcecode.swift; path = SceneDelegate.swift; sourceTree = "<group>"; };
		3F1559352B79B0B800CB0AF0 /* ViewController.swift */ = {isa = PBXFileReference; lastKnownFileType = sourcecode.swift; path = ViewController.swift; sourceTree = "<group>"; };
		3F1559382B79B0B800CB0AF0 /* Base */ = {isa = PBXFileReference; lastKnownFileType = file.storyboard; name = Base; path = Base.lproj/Main.storyboard; sourceTree = "<group>"; };
		3F15593A2B79B0BB00CB0AF0 /* Assets.xcassets */ = {isa = PBXFileReference; lastKnownFileType = folder.assetcatalog; path = Assets.xcassets; sourceTree = "<group>"; };
		3F15593D2B79B0BB00CB0AF0 /* Base */ = {isa = PBXFileReference; lastKnownFileType = file.storyboard; name = Base; path = Base.lproj/LaunchScreen.storyboard; sourceTree = "<group>"; };
		3F15593F2B79B0BB00CB0AF0 /* Info.plist */ = {isa = PBXFileReference; lastKnownFileType = text.plist.xml; path = Info.plist; sourceTree = "<group>"; };
		3F1559442B79B0BC00CB0AF0 /* CarsOptionJyotsnaATests.xctest */ = {isa = PBXFileReference; explicitFileType = wrapper.cfbundle; includeInIndex = 0; path = CarsOptionJyotsnaATests.xctest; sourceTree = BUILT_PRODUCTS_DIR; };
		3F1559482B79B0BC00CB0AF0 /* CarsOptionJyotsnaATests.swift */ = {isa = PBXFileReference; lastKnownFileType = sourcecode.swift; path = CarsOptionJyotsnaATests.swift; sourceTree = "<group>"; };
		3F15594E2B79B0BC00CB0AF0 /* CarsOptionJyotsnaAUITests.xctest */ = {isa = PBXFileReference; explicitFileType = wrapper.cfbundle; includeInIndex = 0; path = CarsOptionJyotsnaAUITests.xctest; sourceTree = BUILT_PRODUCTS_DIR; };
		3F1559522B79B0BC00CB0AF0 /* CarsOptionJyotsnaAUITests.swift */ = {isa = PBXFileReference; lastKnownFileType = sourcecode.swift; path = CarsOptionJyotsnaAUITests.swift; sourceTree = "<group>"; };
		3F1559542B79B0BC00CB0AF0 /* CarsOptionJyotsnaAUITestsLaunchTests.swift */ = {isa = PBXFileReference; lastKnownFileType = sourcecode.swift; path = CarsOptionJyotsnaAUITestsLaunchTests.swift; sourceTree = "<group>"; };
		3F1559612B79B15500CB0AF0 /* DetailViewController.swift */ = {isa = PBXFileReference; lastKnownFileType = sourcecode.swift; path = DetailViewController.swift; sourceTree = "<group>"; };
/* End PBXFileReference section */

/* Begin PBXFrameworksBuildPhase section */
		3F15592B2B79B0B800CB0AF0 /* Frameworks */ = {
			isa = PBXFrameworksBuildPhase;
			buildActionMask = 2147483647;
			files = (
			);
			runOnlyForDeploymentPostprocessing = 0;
		};
		3F1559412B79B0BC00CB0AF0 /* Frameworks */ = {
			isa = PBXFrameworksBuildPhase;
			buildActionMask = 2147483647;
			files = (
			);
			runOnlyForDeploymentPostprocessing = 0;
		};
		3F15594B2B79B0BC00CB0AF0 /* Frameworks */ = {
			isa = PBXFrameworksBuildPhase;
			buildActionMask = 2147483647;
			files = (
			);
			runOnlyForDeploymentPostprocessing = 0;
		};
/* End PBXFrameworksBuildPhase section */

/* Begin PBXGroup section */
		3F1559252B79B0B700CB0AF0 = {
			isa = PBXGroup;
			children = (
				3F1559302B79B0B800CB0AF0 /* CarsOptionJyotsnaA */,
				3F1559472B79B0BC00CB0AF0 /* CarsOptionJyotsnaATests */,
				3F1559512B79B0BC00CB0AF0 /* CarsOptionJyotsnaAUITests */,
				3F15592F2B79B0B800CB0AF0 /* Products */,
			);
			sourceTree = "<group>";
		};
		3F15592F2B79B0B800CB0AF0 /* Products */ = {
			isa = PBXGroup;
			children = (
				3F15592E2B79B0B800CB0AF0 /* CarsOptionJyotsnaA.app */,
				3F1559442B79B0BC00CB0AF0 /* CarsOptionJyotsnaATests.xctest */,
				3F15594E2B79B0BC00CB0AF0 /* CarsOptionJyotsnaAUITests.xctest */,
			);
			name = Products;
			sourceTree = "<group>";
		};
		3F1559302B79B0B800CB0AF0 /* CarsOptionJyotsnaA */ = {
			isa = PBXGroup;
			children = (
				3F1559312B79B0B800CB0AF0 /* AppDelegate.swift */,
				3F1559332B79B0B800CB0AF0 /* SceneDelegate.swift */,
				3F1559352B79B0B800CB0AF0 /* ViewController.swift */,
				3F1559372B79B0B800CB0AF0 /* Main.storyboard */,
				3F1559612B79B15500CB0AF0 /* DetailViewController.swift */,
				3F15593A2B79B0BB00CB0AF0 /* Assets.xcassets */,
				3F15593C2B79B0BB00CB0AF0 /* LaunchScreen.storyboard */,
				3F15593F2B79B0BB00CB0AF0 /* Info.plist */,
			);
			path = CarsOptionJyotsnaA;
			sourceTree = "<group>";
		};
		3F1559472B79B0BC00CB0AF0 /* CarsOptionJyotsnaATests */ = {
			isa = PBXGroup;
			children = (
				3F1559482B79B0BC00CB0AF0 /* CarsOptionJyotsnaATests.swift */,
			);
			path = CarsOptionJyotsnaATests;
			sourceTree = "<group>";
		};
		3F1559512B79B0BC00CB0AF0 /* CarsOptionJyotsnaAUITests */ = {
			isa = PBXGroup;
			children = (
				3F1559522B79B0BC00CB0AF0 /* CarsOptionJyotsnaAUITests.swift */,
				3F1559542B79B0BC00CB0AF0 /* CarsOptionJyotsnaAUITestsLaunchTests.swift */,
			);
			path = CarsOptionJyotsnaAUITests;
			sourceTree = "<group>";
		};
/* End PBXGroup section */

/* Begin PBXNativeTarget section */
		3F15592D2B79B0B800CB0AF0 /* CarsOptionJyotsnaA */ = {
			isa = PBXNativeTarget;
			buildConfigurationList = 3F1559582B79B0BC00CB0AF0 /* Build configuration list for PBXNativeTarget "CarsOptionJyotsnaA" */;
			buildPhases = (
				3F15592A2B79B0B800CB0AF0 /* Sources */,
				3F15592B2B79B0B800CB0AF0 /* Frameworks */,
				3F15592C2B79B0B800CB0AF0 /* Resources */,
			);
			buildRules = (
			);
			dependencies = (
			);
			name = CarsOptionJyotsnaA;
			productName = CarsOptionJyotsnaA;
			productReference = 3F15592E2B79B0B800CB0AF0 /* CarsOptionJyotsnaA.app */;
			productType = "com.apple.product-type.application";
		};
		3F1559432B79B0BC00CB0AF0 /* CarsOptionJyotsnaATests */ = {
			isa = PBXNativeTarget;
			buildConfigurationList = 3F15595B2B79B0BC00CB0AF0 /* Build configuration list for PBXNativeTarget "CarsOptionJyotsnaATests" */;
			buildPhases = (
				3F1559402B79B0BC00CB0AF0 /* Sources */,
				3F1559412B79B0BC00CB0AF0 /* Frameworks */,
				3F1559422B79B0BC00CB0AF0 /* Resources */,
			);
			buildRules = (
			);
			dependencies = (
				3F1559462B79B0BC00CB0AF0 /* PBXTargetDependency */,
			);
			name = CarsOptionJyotsnaATests;
			productName = CarsOptionJyotsnaATests;
			productReference = 3F1559442B79B0BC00CB0AF0 /* CarsOptionJyotsnaATests.xctest */;
			productType = "com.apple.product-type.bundle.unit-test";
		};
		3F15594D2B79B0BC00CB0AF0 /* CarsOptionJyotsnaAUITests */ = {
			isa = PBXNativeTarget;
			buildConfigurationList = 3F15595E2B79B0BC00CB0AF0 /* Build configuration list for PBXNativeTarget "CarsOptionJyotsnaAUITests" */;
			buildPhases = (
				3F15594A2B79B0BC00CB0AF0 /* Sources */,
				3F15594B2B79B0BC00CB0AF0 /* Frameworks */,
				3F15594C2B79B0BC00CB0AF0 /* Resources */,
			);
			buildRules = (
			);
			dependencies = (
				3F1559502B79B0BC00CB0AF0 /* PBXTargetDependency */,
			);
			name = CarsOptionJyotsnaAUITests;
			productName = CarsOptionJyotsnaAUITests;
			productReference = 3F15594E2B79B0BC00CB0AF0 /* CarsOptionJyotsnaAUITests.xctest */;
			productType = "com.apple.product-type.bundle.ui-testing";
		};
/* End PBXNativeTarget section */

/* Begin PBXProject section */
		3F1559262B79B0B700CB0AF0 /* Project object */ = {
			isa = PBXProject;
			attributes = {
				BuildIndependentTargetsInParallel = 1;
				LastSwiftUpdateCheck = 1520;
				LastUpgradeCheck = 1520;
				TargetAttributes = {
					3F15592D2B79B0B800CB0AF0 = {
						CreatedOnToolsVersion = 15.2;
					};
					3F1559432B79B0BC00CB0AF0 = {
						CreatedOnToolsVersion = 15.2;
						TestTargetID = 3F15592D2B79B0B800CB0AF0;
					};
					3F15594D2B79B0BC00CB0AF0 = {
						CreatedOnToolsVersion = 15.2;
						TestTargetID = 3F15592D2B79B0B800CB0AF0;
					};
				};
			};
			buildConfigurationList = 3F1559292B79B0B700CB0AF0 /* Build configuration list for PBXProject "CarsOptionJyotsnaA" */;
			compatibilityVersion = "Xcode 14.0";
			developmentRegion = en;
			hasScannedForEncodings = 0;
			knownRegions = (
				en,
				Base,
			);
			mainGroup = 3F1559252B79B0B700CB0AF0;
			productRefGroup = 3F15592F2B79B0B800CB0AF0 /* Products */;
			projectDirPath = "";
			projectRoot = "";
			targets = (
				3F15592D2B79B0B800CB0AF0 /* CarsOptionJyotsnaA */,
				3F1559432B79B0BC00CB0AF0 /* CarsOptionJyotsnaATests */,
				3F15594D2B79B0BC00CB0AF0 /* CarsOptionJyotsnaAUITests */,
			);
		};
/* End PBXProject section */

/* Begin PBXResourcesBuildPhase section */
		3F15592C2B79B0B800CB0AF0 /* Resources */ = {
			isa = PBXResourcesBuildPhase;
			buildActionMask = 2147483647;
			files = (
				3F15593E2B79B0BB00CB0AF0 /* LaunchScreen.storyboard in Resources */,
				3F15593B2B79B0BB00CB0AF0 /* Assets.xcassets in Resources */,
				3F1559392B79B0B800CB0AF0 /* Main.storyboard in Resources */,
			);
			runOnlyForDeploymentPostprocessing = 0;
		};
		3F1559422B79B0BC00CB0AF0 /* Resources */ = {
			isa = PBXResourcesBuildPhase;
			buildActionMask = 2147483647;
			files = (
			);
			runOnlyForDeploymentPostprocessing = 0;
		};
		3F15594C2B79B0BC00CB0AF0 /* Resources */ = {
			isa = PBXResourcesBuildPhase;
			buildActionMask = 2147483647;
			files = (
			);
			runOnlyForDeploymentPostprocessing = 0;
		};
/* End PBXResourcesBuildPhase section */

/* Begin PBXSourcesBuildPhase section */
		3F15592A2B79B0B800CB0AF0 /* Sources */ = {
			isa = PBXSourcesBuildPhase;
			buildActionMask = 2147483647;
			files = (
				3F1559362B79B0B800CB0AF0 /* ViewController.swift in Sources */,
				3F1559322B79B0B800CB0AF0 /* AppDelegate.swift in Sources */,
				3F1559342B79B0B800CB0AF0 /* SceneDelegate.swift in Sources */,
				3F1559622B79B15500CB0AF0 /* DetailViewController.swift in Sources */,
			);
			runOnlyForDeploymentPostprocessing = 0;
		};
		3F1559402B79B0BC00CB0AF0 /* Sources */ = {
			isa = PBXSourcesBuildPhase;
			buildActionMask = 2147483647;
			files = (
				3F1559492B79B0BC00CB0AF0 /* CarsOptionJyotsnaATests.swift in Sources */,
			);
			runOnlyForDeploymentPostprocessing = 0;
		};
		3F15594A2B79B0BC00CB0AF0 /* Sources */ = {
			isa = PBXSourcesBuildPhase;
			buildActionMask = 2147483647;
			files = (
				3F1559532B79B0BC00CB0AF0 /* CarsOptionJyotsnaAUITests.swift in Sources */,
				3F1559552B79B0BC00CB0AF0 /* CarsOptionJyotsnaAUITestsLaunchTests.swift in Sources */,
			);
			runOnlyForDeploymentPostprocessing = 0;
		};
/* End PBXSourcesBuildPhase section */

/* Begin PBXTargetDependency section */
		3F1559462B79B0BC00CB0AF0 /* PBXTargetDependency */ = {
			isa = PBXTargetDependency;
			target = 3F15592D2B79B0B800CB0AF0 /* CarsOptionJyotsnaA */;
			targetProxy = 3F1559452B79B0BC00CB0AF0 /* PBXContainerItemProxy */;
		};
		3F1559502B79B0BC00CB0AF0 /* PBXTargetDependency */ = {
			isa = PBXTargetDependency;
			target = 3F15592D2B79B0B800CB0AF0 /* CarsOptionJyotsnaA */;
			targetProxy = 3F15594F2B79B0BC00CB0AF0 /* PBXContainerItemProxy */;
		};
/* End PBXTargetDependency section */

/* Begin PBXVariantGroup section */
		3F1559372B79B0B800CB0AF0 /* Main.storyboard */ = {
			isa = PBXVariantGroup;
			children = (
				3F1559382B79B0B800CB0AF0 /* Base */,
			);
			name = Main.storyboard;
			sourceTree = "<group>";
		};
		3F15593C2B79B0BB00CB0AF0 /* LaunchScreen.storyboard */ = {
			isa = PBXVariantGroup;
			children = (
				3F15593D2B79B0BB00CB0AF0 /* Base */,
			);
			name = LaunchScreen.storyboard;
			sourceTree = "<group>";
		};
/* End PBXVariantGroup section */

/* Begin XCBuildConfiguration section */
		3F1559562B79B0BC00CB0AF0 /* Debug */ = {
			isa = XCBuildConfiguration;
			buildSettings = {
				ALWAYS_SEARCH_USER_PATHS = NO;
				ASSETCATALOG_COMPILER_GENERATE_SWIFT_ASSET_SYMBOL_EXTENSIONS = YES;
				CLANG_ANALYZER_NONNULL = YES;
				CLANG_ANALYZER_NUMBER_OBJECT_CONVERSION = YES_AGGRESSIVE;
				CLANG_CXX_LANGUAGE_STANDARD = "gnu++20";
				CLANG_ENABLE_MODULES = YES;
				CLANG_ENABLE_OBJC_ARC = YES;
				CLANG_ENABLE_OBJC_WEAK = YES;
				CLANG_WARN_BLOCK_CAPTURE_AUTORELEASING = YES;
				CLANG_WARN_BOOL_CONVERSION = YES;
				CLANG_WARN_COMMA = YES;
				CLANG_WARN_CONSTANT_CONVERSION = YES;
				CLANG_WARN_DEPRECATED_OBJC_IMPLEMENTATIONS = YES;
				CLANG_WARN_DIRECT_OBJC_ISA_USAGE = YES_ERROR;
				CLANG_WARN_DOCUMENTATION_COMMENTS = YES;
				CLANG_WARN_EMPTY_BODY = YES;
				CLANG_WARN_ENUM_CONVERSION = YES;
				CLANG_WARN_INFINITE_RECURSION = YES;
				CLANG_WARN_INT_CONVERSION = YES;
				CLANG_WARN_NON_LITERAL_NULL_CONVERSION = YES;
				CLANG_WARN_OBJC_IMPLICIT_RETAIN_SELF = YES;
				CLANG_WARN_OBJC_LITERAL_CONVERSION = YES;
				CLANG_WARN_OBJC_ROOT_CLASS = YES_ERROR;
				CLANG_WARN_QUOTED_INCLUDE_IN_FRAMEWORK_HEADER = YES;
				CLANG_WARN_RANGE_LOOP_ANALYSIS = YES;
				CLANG_WARN_STRICT_PROTOTYPES = YES;
				CLANG_WARN_SUSPICIOUS_MOVE = YES;
				CLANG_WARN_UNGUARDED_AVAILABILITY = YES_AGGRESSIVE;
				CLANG_WARN_UNREACHABLE_CODE = YES;
				CLANG_WARN__DUPLICATE_METHOD_MATCH = YES;
				COPY_PHASE_STRIP = NO;
				DEBUG_INFORMATION_FORMAT = dwarf;
				ENABLE_STRICT_OBJC_MSGSEND = YES;
				ENABLE_TESTABILITY = YES;
				ENABLE_USER_SCRIPT_SANDBOXING = YES;
				GCC_C_LANGUAGE_STANDARD = gnu17;
				GCC_DYNAMIC_NO_PIC = NO;
				GCC_NO_COMMON_BLOCKS = YES;
				GCC_OPTIMIZATION_LEVEL = 0;
				GCC_PREPROCESSOR_DEFINITIONS = (
					"DEBUG=1",
					"$(inherited)",
				);
				GCC_WARN_64_TO_32_BIT_CONVERSION = YES;
				GCC_WARN_ABOUT_RETURN_TYPE = YES_ERROR;
				GCC_WARN_UNDECLARED_SELECTOR = YES;
				GCC_WARN_UNINITIALIZED_AUTOS = YES_AGGRESSIVE;
				GCC_WARN_UNUSED_FUNCTION = YES;
				GCC_WARN_UNUSED_VARIABLE = YES;
				IPHONEOS_DEPLOYMENT_TARGET = 17.2;
				LOCALIZATION_PREFERS_STRING_CATALOGS = YES;
				MTL_ENABLE_DEBUG_INFO = INCLUDE_SOURCE;
				MTL_FAST_MATH = YES;
				ONLY_ACTIVE_ARCH = YES;
				SDKROOT = iphoneos;
				SWIFT_ACTIVE_COMPILATION_CONDITIONS = "DEBUG $(inherited)";
				SWIFT_OPTIMIZATION_LEVEL = "-Onone";
			};
			name = Debug;
		};
		3F1559572B79B0BC00CB0AF0 /* Release */ = {
			isa = XCBuildConfiguration;
			buildSettings = {
				ALWAYS_SEARCH_USER_PATHS = NO;
				ASSETCATALOG_COMPILER_GENERATE_SWIFT_ASSET_SYMBOL_EXTENSIONS = YES;
				CLANG_ANALYZER_NONNULL = YES;
				CLANG_ANALYZER_NUMBER_OBJECT_CONVERSION = YES_AGGRESSIVE;
				CLANG_CXX_LANGUAGE_STANDARD = "gnu++20";
				CLANG_ENABLE_MODULES = YES;
				CLANG_ENABLE_OBJC_ARC = YES;
				CLANG_ENABLE_OBJC_WEAK = YES;
				CLANG_WARN_BLOCK_CAPTURE_AUTORELEASING = YES;
				CLANG_WARN_BOOL_CONVERSION = YES;
				CLANG_WARN_COMMA = YES;
				CLANG_WARN_CONSTANT_CONVERSION = YES;
				CLANG_WARN_DEPRECATED_OBJC_IMPLEMENTATIONS = YES;
				CLANG_WARN_DIRECT_OBJC_ISA_USAGE = YES_ERROR;
				CLANG_WARN_DOCUMENTATION_COMMENTS = YES;
				CLANG_WARN_EMPTY_BODY = YES;
				CLANG_WARN_ENUM_CONVERSION = YES;
				CLANG_WARN_INFINITE_RECURSION = YES;
				CLANG_WARN_INT_CONVERSION = YES;
				CLANG_WARN_NON_LITERAL_NULL_CONVERSION = YES;
				CLANG_WARN_OBJC_IMPLICIT_RETAIN_SELF = YES;
				CLANG_WARN_OBJC_LITERAL_CONVERSION = YES;
				CLANG_WARN_OBJC_ROOT_CLASS = YES_ERROR;
				CLANG_WARN_QUOTED_INCLUDE_IN_FRAMEWORK_HEADER = YES;
				CLANG_WARN_RANGE_LOOP_ANALYSIS = YES;
				CLANG_WARN_STRICT_PROTOTYPES = YES;
				CLANG_WARN_SUSPICIOUS_MOVE = YES;
				CLANG_WARN_UNGUARDED_AVAILABILITY = YES_AGGRESSIVE;
				CLANG_WARN_UNREACHABLE_CODE = YES;
				CLANG_WARN__DUPLICATE_METHOD_MATCH = YES;
				COPY_PHASE_STRIP = NO;
				DEBUG_INFORMATION_FORMAT = "dwarf-with-dsym";
				ENABLE_NS_ASSERTIONS = NO;
				ENABLE_STRICT_OBJC_MSGSEND = YES;
				ENABLE_USER_SCRIPT_SANDBOXING = YES;
				GCC_C_LANGUAGE_STANDARD = gnu17;
				GCC_NO_COMMON_BLOCKS = YES;
				GCC_WARN_64_TO_32_BIT_CONVERSION = YES;
				GCC_WARN_ABOUT_RETURN_TYPE = YES_ERROR;
				GCC_WARN_UNDECLARED_SELECTOR = YES;
				GCC_WARN_UNINITIALIZED_AUTOS = YES_AGGRESSIVE;
				GCC_WARN_UNUSED_FUNCTION = YES;
				GCC_WARN_UNUSED_VARIABLE = YES;
				IPHONEOS_DEPLOYMENT_TARGET = 17.2;
				LOCALIZATION_PREFERS_STRING_CATALOGS = YES;
				MTL_ENABLE_DEBUG_INFO = NO;
				MTL_FAST_MATH = YES;
				SDKROOT = iphoneos;
				SWIFT_COMPILATION_MODE = wholemodule;
				VALIDATE_PRODUCT = YES;
			};
			name = Release;
		};
		3F1559592B79B0BC00CB0AF0 /* Debug */ = {
			isa = XCBuildConfiguration;
			buildSettings = {
				ASSETCATALOG_COMPILER_APPICON_NAME = AppIcon;
				ASSETCATALOG_COMPILER_GLOBAL_ACCENT_COLOR_NAME = AccentColor;
				CODE_SIGN_STYLE = Automatic;
				CURRENT_PROJECT_VERSION = 1;
				DEVELOPMENT_TEAM = 3Q4BXN3F7B;
				GENERATE_INFOPLIST_FILE = YES;
				INFOPLIST_FILE = CarsOptionJyotsnaA/Info.plist;
				INFOPLIST_KEY_UIApplicationSupportsIndirectInputEvents = YES;
				INFOPLIST_KEY_UILaunchStoryboardName = LaunchScreen;
				INFOPLIST_KEY_UIMainStoryboardFile = Main;
				INFOPLIST_KEY_UISupportedInterfaceOrientations_iPad = "UIInterfaceOrientationPortrait UIInterfaceOrientationPortraitUpsideDown UIInterfaceOrientationLandscapeLeft UIInterfaceOrientationLandscapeRight";
				INFOPLIST_KEY_UISupportedInterfaceOrientations_iPhone = "UIInterfaceOrientationPortrait UIInterfaceOrientationLandscapeLeft UIInterfaceOrientationLandscapeRight";
				LD_RUNPATH_SEARCH_PATHS = (
					"$(inherited)",
					"@executable_path/Frameworks",
				);
				MARKETING_VERSION = 1.0;
				PRODUCT_BUNDLE_IDENTIFIER = com.jyotsna.CarsOptionJyotsnaA;
				PRODUCT_NAME = "$(TARGET_NAME)";
				SWIFT_EMIT_LOC_STRINGS = YES;
				SWIFT_VERSION = 5.0;
				TARGETED_DEVICE_FAMILY = "1,2";
			};
			name = Debug;
		};
		3F15595A2B79B0BC00CB0AF0 /* Release */ = {
			isa = XCBuildConfiguration;
			buildSettings = {
				ASSETCATALOG_COMPILER_APPICON_NAME = AppIcon;
				ASSETCATALOG_COMPILER_GLOBAL_ACCENT_COLOR_NAME = AccentColor;
				CODE_SIGN_STYLE = Automatic;
				CURRENT_PROJECT_VERSION = 1;
				DEVELOPMENT_TEAM = 3Q4BXN3F7B;
				GENERATE_INFOPLIST_FILE = YES;
				INFOPLIST_FILE = CarsOptionJyotsnaA/Info.plist;
				INFOPLIST_KEY_UIApplicationSupportsIndirectInputEvents = YES;
				INFOPLIST_KEY_UILaunchStoryboardName = LaunchScreen;
				INFOPLIST_KEY_UIMainStoryboardFile = Main;
				INFOPLIST_KEY_UISupportedInterfaceOrientations_iPad = "UIInterfaceOrientationPortrait UIInterfaceOrientationPortraitUpsideDown UIInterfaceOrientationLandscapeLeft UIInterfaceOrientationLandscapeRight";
				INFOPLIST_KEY_UISupportedInterfaceOrientations_iPhone = "UIInterfaceOrientationPortrait UIInterfaceOrientationLandscapeLeft UIInterfaceOrientationLandscapeRight";
				LD_RUNPATH_SEARCH_PATHS = (
					"$(inherited)",
					"@executable_path/Frameworks",
				);
				MARKETING_VERSION = 1.0;
				PRODUCT_BUNDLE_IDENTIFIER = com.jyotsna.CarsOptionJyotsnaA;
				PRODUCT_NAME = "$(TARGET_NAME)";
				SWIFT_EMIT_LOC_STRINGS = YES;
				SWIFT_VERSION = 5.0;
				TARGETED_DEVICE_FAMILY = "1,2";
			};
			name = Release;
		};
		3F15595C2B79B0BC00CB0AF0 /* Debug */ = {
			isa = XCBuildConfiguration;
			buildSettings = {
				ALWAYS_EMBED_SWIFT_STANDARD_LIBRARIES = YES;
				BUNDLE_LOADER = "$(TEST_HOST)";
				CODE_SIGN_STYLE = Automatic;
				CURRENT_PROJECT_VERSION = 1;
				DEVELOPMENT_TEAM = 3Q4BXN3F7B;
				GENERATE_INFOPLIST_FILE = YES;
				IPHONEOS_DEPLOYMENT_TARGET = 17.2;
				MARKETING_VERSION = 1.0;
				PRODUCT_BUNDLE_IDENTIFIER = com.jyotsna.CarsOptionJyotsnaATests;
				PRODUCT_NAME = "$(TARGET_NAME)";
				SWIFT_EMIT_LOC_STRINGS = NO;
				SWIFT_VERSION = 5.0;
				TARGETED_DEVICE_FAMILY = "1,2";
				TEST_HOST = "$(BUILT_PRODUCTS_DIR)/CarsOptionJyotsnaA.app/$(BUNDLE_EXECUTABLE_FOLDER_PATH)/CarsOptionJyotsnaA";
			};
			name = Debug;
		};
		3F15595D2B79B0BC00CB0AF0 /* Release */ = {
			isa = XCBuildConfiguration;
			buildSettings = {
				ALWAYS_EMBED_SWIFT_STANDARD_LIBRARIES = YES;
				BUNDLE_LOADER = "$(TEST_HOST)";
				CODE_SIGN_STYLE = Automatic;
				CURRENT_PROJECT_VERSION = 1;
				DEVELOPMENT_TEAM = 3Q4BXN3F7B;
				GENERATE_INFOPLIST_FILE = YES;
				IPHONEOS_DEPLOYMENT_TARGET = 17.2;
				MARKETING_VERSION = 1.0;
				PRODUCT_BUNDLE_IDENTIFIER = com.jyotsna.CarsOptionJyotsnaATests;
				PRODUCT_NAME = "$(TARGET_NAME)";
				SWIFT_EMIT_LOC_STRINGS = NO;
				SWIFT_VERSION = 5.0;
				TARGETED_DEVICE_FAMILY = "1,2";
				TEST_HOST = "$(BUILT_PRODUCTS_DIR)/CarsOptionJyotsnaA.app/$(BUNDLE_EXECUTABLE_FOLDER_PATH)/CarsOptionJyotsnaA";
			};
			name = Release;
		};
		3F15595F2B79B0BC00CB0AF0 /* Debug */ = {
			isa = XCBuildConfiguration;
			buildSettings = {
				ALWAYS_EMBED_SWIFT_STANDARD_LIBRARIES = YES;
				CODE_SIGN_STYLE = Automatic;
				CURRENT_PROJECT_VERSION = 1;
				DEVELOPMENT_TEAM = 3Q4BXN3F7B;
				GENERATE_INFOPLIST_FILE = YES;
				MARKETING_VERSION = 1.0;
				PRODUCT_BUNDLE_IDENTIFIER = com.jyotsna.CarsOptionJyotsnaAUITests;
				PRODUCT_NAME = "$(TARGET_NAME)";
				SWIFT_EMIT_LOC_STRINGS = NO;
				SWIFT_VERSION = 5.0;
				TARGETED_DEVICE_FAMILY = "1,2";
				TEST_TARGET_NAME = CarsOptionJyotsnaA;
			};
			name = Debug;
		};
		3F1559602B79B0BC00CB0AF0 /* Release */ = {
			isa = XCBuildConfiguration;
			buildSettings = {
				ALWAYS_EMBED_SWIFT_STANDARD_LIBRARIES = YES;
				CODE_SIGN_STYLE = Automatic;
				CURRENT_PROJECT_VERSION = 1;
				DEVELOPMENT_TEAM = 3Q4BXN3F7B;
				GENERATE_INFOPLIST_FILE = YES;
				MARKETING_VERSION = 1.0;
				PRODUCT_BUNDLE_IDENTIFIER = com.jyotsna.CarsOptionJyotsnaAUITests;
				PRODUCT_NAME = "$(TARGET_NAME)";
				SWIFT_EMIT_LOC_STRINGS = NO;
				SWIFT_VERSION = 5.0;
				TARGETED_DEVICE_FAMILY = "1,2";
				TEST_TARGET_NAME = CarsOptionJyotsnaA;
			};
			name = Release;
		};
/* End XCBuildConfiguration section */

/* Begin XCConfigurationList section */
		3F1559292B79B0B700CB0AF0 /* Build configuration list for PBXProject "CarsOptionJyotsnaA" */ = {
			isa = XCConfigurationList;
			buildConfigurations = (
				3F1559562B79B0BC00CB0AF0 /* Debug */,
				3F1559572B79B0BC00CB0AF0 /* Release */,
			);
			defaultConfigurationIsVisible = 0;
			defaultConfigurationName = Release;
		};
		3F1559582B79B0BC00CB0AF0 /* Build configuration list for PBXNativeTarget "CarsOptionJyotsnaA" */ = {
			isa = XCConfigurationList;
			buildConfigurations = (
				3F1559592B79B0BC00CB0AF0 /* Debug */,
				3F15595A2B79B0BC00CB0AF0 /* Release */,
			);
			defaultConfigurationIsVisible = 0;
			defaultConfigurationName = Release;
		};
		3F15595B2B79B0BC00CB0AF0 /* Build configuration list for PBXNativeTarget "CarsOptionJyotsnaATests" */ = {
			isa = XCConfigurationList;
			buildConfigurations = (
				3F15595C2B79B0BC00CB0AF0 /* Debug */,
				3F15595D2B79B0BC00CB0AF0 /* Release */,
			);
			defaultConfigurationIsVisible = 0;
			defaultConfigurationName = Release;
		};
		3F15595E2B79B0BC00CB0AF0 /* Build configuration list for PBXNativeTarget "CarsOptionJyotsnaAUITests" */ = {
			isa = XCConfigurationList;
			buildConfigurations = (
				3F15595F2B79B0BC00CB0AF0 /* Debug */,
				3F1559602B79B0BC00CB0AF0 /* Release */,
			);
			defaultConfigurationIsVisible = 0;
			defaultConfigurationName = Release;
		};
/* End XCConfigurationList section */
	};
	rootObject = 3F1559262B79B0B700CB0AF0 /* Project object */;
}
